
Microsoft Visual Studio Solution File, Format Version 12.00
# Visual Studio Version 17
VisualStudioVersion = 17.14.36310.24 d17.14
MinimumVisualStudioVersion = 10.0.40219.1
Project("{54A90642-561A-4BB1-A94E-469ADEE60C69}") = "ai-video-stack.client", "ai-video-stack.client\ai-video-stack.client.esproj", "{2E5B8214-A85A-96F7-A93C-AC95460D55CE}"
EndProject
Project("{FAE04EC0-301F-11D3-BF4B-00C04F79EFBC}") = "AI-Video-Stack.Server", "AI-Video-Stack.Server\AI-Video-Stack.Server.csproj", "{FD193B0F-34A4-4EBC-8A45-ED732A88BA09}"
EndProject
Project("{2150E333-8FDC-42A3-9474-1A3956D46DE8}") = "TTSService", "TTSService", "{02EA681E-C7D8-13C7-8484-4AC65E1B71E8}"
	ProjectSection(SolutionItems) = preProject
		main.py = main.py
	EndProjectSection
EndProject
Global
	GlobalSection(SolutionConfigurationPlatforms) = preSolution
		Debug|Any CPU = Debug|Any CPU
		Release|Any CPU = Release|Any CPU
	EndGlobalSection
	GlobalSection(ProjectConfigurationPlatforms) = postSolution
		{2E5B8214-A85A-96F7-A93C-AC95460D55CE}.Debug|Any CPU.ActiveCfg = Debug|Any CPU
		{2E5B8214-A85A-96F7-A93C-AC95460D55CE}.Debug|Any CPU.Build.0 = Debug|Any CPU
		{2E5B8214-A85A-96F7-A93C-AC95460D55CE}.Debug|Any CPU.Deploy.0 = Debug|Any CPU
		{2E5B8214-A85A-96F7-A93C-AC95460D55CE}.Release|Any CPU.ActiveCfg = Release|Any CPU
		{2E5B8214-A85A-96F7-A93C-AC95460D55CE}.Release|Any CPU.Build.0 = Release|Any CPU
		{2E5B8214-A85A-96F7-A93C-AC95460D55CE}.Release|Any CPU.Deploy.0 = Release|Any CPU
		{FD193B0F-34A4-4EBC-8A45-ED732A88BA09}.Debug|Any CPU.ActiveCfg = Debug|Any CPU
		{FD193B0F-34A4-4EBC-8A45-ED732A88BA09}.Debug|Any CPU.Build.0 = Debug|Any CPU
		{FD193B0F-34A4-4EBC-8A45-ED732A88BA09}.Release|Any CPU.ActiveCfg = Release|Any CPU
		{FD193B0F-34A4-4EBC-8A45-ED732A88BA09}.Release|Any CPU.Build.0 = Release|Any CPU
	EndGlobalSection
	GlobalSection(SolutionProperties) = preSolution
		HideSolutionNode = FALSE
	EndGlobalSection
	GlobalSection(ExtensibilityGlobals) = postSolution
		SolutionGuid = {E4E42BA5-9CE8-4D10-80ED-A0ED5E9FCE4D}
	EndGlobalSection
EndGlobal
